
Microsoft Visual Studio Solution File, Format Version 12.00
# Visual Studio Version 17
VisualStudioVersion = 17.4.33122.133
MinimumVisualStudioVersion = 10.0.40219.1
Project("{FAE04EC0-301F-11D3-BF4B-00C04F79EFBC}") = "Projekt", "Projekt.csproj", "{47C564CC-79D2-4B2A-84FF-836E52D4E8DC}"
EndProject
Global
	GlobalSection(SolutionConfigurationPlatforms) = preSolution
		Debug|Any CPU = Debug|Any CPU
		Release|Any CPU = Release|Any CPU
	EndGlobalSection
	GlobalSection(ProjectConfigurationPlatforms) = postSolution
		{47C564CC-79D2-4B2A-84FF-836E52D4E8DC}.Debug|Any CPU.ActiveCfg = Debug|Any CPU
		{47C564CC-79D2-4B2A-84FF-836E52D4E8DC}.Debug|Any CPU.Build.0 = Debug|Any CPU
		{47C564CC-79D2-4B2A-84FF-836E52D4E8DC}.Release|Any CPU.ActiveCfg = Release|Any CPU
		{47C564CC-79D2-4B2A-84FF-836E52D4E8DC}.Release|Any CPU.Build.0 = Release|Any CPU
	EndGlobalSection
	GlobalSection(SolutionProperties) = preSolution
		HideSolutionNode = FALSE
	EndGlobalSection
	GlobalSection(ExtensibilityGlobals) = postSolution
		SolutionGuid = {2BE06472-0EBA-45A4-AE4D-116D05608C5C}
	EndGlobalSection
EndGlobal
